
Microsoft Visual Studio Solution File, Format Version 12.00
# Visual Studio Version 17
VisualStudioVersion = 17.4.33205.214
MinimumVisualStudioVersion = 10.0.40219.1
Project("{9A19103F-16F7-4668-BE54-9A1E7A4F7556}") = "LgSoftwareDeveloperAssignment.PresentationLayer", "LgSoftwareDeveloperAssignment\LgSoftwareDeveloperAssignment.PresentationLayer.csproj", "{B77B2419-BA3A-4C6B-BE8C-7B9206922CF7}"
EndProject
Project("{9A19103F-16F7-4668-BE54-9A1E7A4F7556}") = "LgSoftwareDeveloperAssignment.BusinessLayer", "LgSoftwareDeveloperAssignment.BusinessLayer\LgSoftwareDeveloperAssignment.BusinessLayer.csproj", "{47D4E262-E800-4F78-9BF9-AA6ACDE9327E}"
EndProject
Project("{9A19103F-16F7-4668-BE54-9A1E7A4F7556}") = "LgSoftwareDeveloperAssignment.DataLayer", "LgSoftwareDeveloperAssignment.ModelsLayer\LgSoftwareDeveloperAssignment.DataLayer.csproj", "{366442FD-BD41-4D94-A81F-39D9A1C021CE}"
EndProject
Global
	GlobalSection(SolutionConfigurationPlatforms) = preSolution
		Debug|Any CPU = Debug|Any CPU
		Release|Any CPU = Release|Any CPU
	EndGlobalSection
	GlobalSection(ProjectConfigurationPlatforms) = postSolution
		{B77B2419-BA3A-4C6B-BE8C-7B9206922CF7}.Debug|Any CPU.ActiveCfg = Debug|Any CPU
		{B77B2419-BA3A-4C6B-BE8C-7B9206922CF7}.Debug|Any CPU.Build.0 = Debug|Any CPU
		{B77B2419-BA3A-4C6B-BE8C-7B9206922CF7}.Release|Any CPU.ActiveCfg = Release|Any CPU
		{B77B2419-BA3A-4C6B-BE8C-7B9206922CF7}.Release|Any CPU.Build.0 = Release|Any CPU
		{47D4E262-E800-4F78-9BF9-AA6ACDE9327E}.Debug|Any CPU.ActiveCfg = Debug|Any CPU
		{47D4E262-E800-4F78-9BF9-AA6ACDE9327E}.Debug|Any CPU.Build.0 = Debug|Any CPU
		{47D4E262-E800-4F78-9BF9-AA6ACDE9327E}.Release|Any CPU.ActiveCfg = Release|Any CPU
		{47D4E262-E800-4F78-9BF9-AA6ACDE9327E}.Release|Any CPU.Build.0 = Release|Any CPU
		{366442FD-BD41-4D94-A81F-39D9A1C021CE}.Debug|Any CPU.ActiveCfg = Debug|Any CPU
		{366442FD-BD41-4D94-A81F-39D9A1C021CE}.Debug|Any CPU.Build.0 = Debug|Any CPU
		{366442FD-BD41-4D94-A81F-39D9A1C021CE}.Release|Any CPU.ActiveCfg = Release|Any CPU
		{366442FD-BD41-4D94-A81F-39D9A1C021CE}.Release|Any CPU.Build.0 = Release|Any CPU
	EndGlobalSection
	GlobalSection(SolutionProperties) = preSolution
		HideSolutionNode = FALSE
	EndGlobalSection
	GlobalSection(ExtensibilityGlobals) = postSolution
		SolutionGuid = {DBB32B34-0740-4AB6-B6F4-2EB1C0975496}
	EndGlobalSection
EndGlobal
